
Microsoft Visual Studio Solution File, Format Version 12.00
# Visual Studio Version 17
VisualStudioVersion = 17.6.33723.286
MinimumVisualStudioVersion = 10.0.40219.1
Project("{9A19103F-16F7-4668-BE54-9A1E7A4F7556}") = "WhiteLagoon.Web", "WhiteLagoon.Web\WhiteLagoon.Web.csproj", "{1E2B6587-B8DB-45D3-BBC8-DEE180072D64}"
EndProject
Project("{9A19103F-16F7-4668-BE54-9A1E7A4F7556}") = "WhiteLagoo.Application", "WhiteLagoo.Application\WhiteLagoo.Application.csproj", "{B7B33C18-ACAC-4A23-83A1-7845AD6378B3}"
EndProject
Project("{9A19103F-16F7-4668-BE54-9A1E7A4F7556}") = "WhiteLagoon.Domain", "WhiteLagoon.Domain\WhiteLagoon.Domain.csproj", "{ABFDB7AD-9FBB-4588-BEA8-1DE9079AD410}"
EndProject
Project("{9A19103F-16F7-4668-BE54-9A1E7A4F7556}") = "WhiteLagoon.Infrastructure", "WhiteLagoon.Infrastructure\WhiteLagoon.Infrastructure.csproj", "{329475F0-D23B-4BCE-8040-D03ADF06B17B}"
EndProject
Global
	GlobalSection(SolutionConfigurationPlatforms) = preSolution
		Debug|Any CPU = Debug|Any CPU
		Release|Any CPU = Release|Any CPU
	EndGlobalSection
	GlobalSection(ProjectConfigurationPlatforms) = postSolution
		{1E2B6587-B8DB-45D3-BBC8-DEE180072D64}.Debug|Any CPU.ActiveCfg = Debug|Any CPU
		{1E2B6587-B8DB-45D3-BBC8-DEE180072D64}.Debug|Any CPU.Build.0 = Debug|Any CPU
		{1E2B6587-B8DB-45D3-BBC8-DEE180072D64}.Release|Any CPU.ActiveCfg = Release|Any CPU
		{1E2B6587-B8DB-45D3-BBC8-DEE180072D64}.Release|Any CPU.Build.0 = Release|Any CPU
		{B7B33C18-ACAC-4A23-83A1-7845AD6378B3}.Debug|Any CPU.ActiveCfg = Debug|Any CPU
		{B7B33C18-ACAC-4A23-83A1-7845AD6378B3}.Debug|Any CPU.Build.0 = Debug|Any CPU
		{B7B33C18-ACAC-4A23-83A1-7845AD6378B3}.Release|Any CPU.ActiveCfg = Release|Any CPU
		{B7B33C18-ACAC-4A23-83A1-7845AD6378B3}.Release|Any CPU.Build.0 = Release|Any CPU
		{ABFDB7AD-9FBB-4588-BEA8-1DE9079AD410}.Debug|Any CPU.ActiveCfg = Debug|Any CPU
		{ABFDB7AD-9FBB-4588-BEA8-1DE9079AD410}.Debug|Any CPU.Build.0 = Debug|Any CPU
		{ABFDB7AD-9FBB-4588-BEA8-1DE9079AD410}.Release|Any CPU.ActiveCfg = Release|Any CPU
		{ABFDB7AD-9FBB-4588-BEA8-1DE9079AD410}.Release|Any CPU.Build.0 = Release|Any CPU
		{329475F0-D23B-4BCE-8040-D03ADF06B17B}.Debug|Any CPU.ActiveCfg = Debug|Any CPU
		{329475F0-D23B-4BCE-8040-D03ADF06B17B}.Debug|Any CPU.Build.0 = Debug|Any CPU
		{329475F0-D23B-4BCE-8040-D03ADF06B17B}.Release|Any CPU.ActiveCfg = Release|Any CPU
		{329475F0-D23B-4BCE-8040-D03ADF06B17B}.Release|Any CPU.Build.0 = Release|Any CPU
	EndGlobalSection
	GlobalSection(SolutionProperties) = preSolution
		HideSolutionNode = FALSE
	EndGlobalSection
	GlobalSection(ExtensibilityGlobals) = postSolution
		SolutionGuid = {64100099-1395-42C6-AA3F-F96A0F961152}
	EndGlobalSection
EndGlobal
